# This file is automatically @generated by Cargo.
# It is not intended for manual editing.
version = 4

[[package]]
name = "ai-rs"
version = "0.1.0"
dependencies = [
 "anthropic",
 "gemini",
 "openai",
 "xai",
]

[[package]]
name = "anthropic"
version = "0.1.0"

[[package]]
name = "gemini"
version = "0.1.0"

[[package]]
name = "openai"
version = "0.1.0"

[[package]]
name = "xai"
version = "0.1.0"
